
Microsoft Visual Studio Solution File, Format Version 12.00
# Visual Studio 15
VisualStudioVersion = 15.0.27130.2020
MinimumVisualStudioVersion = 10.0.40219.1
Project("{8BC9CEB8-8B4A-11D0-8D11-00A0C91BC942}") = "first_window", "EXAMPLE\first_window\first_window.vcxproj", "{BB96B707-50B1-4090-ACD6-2113FA9AEE49}"
EndProject
Project("{8BC9CEB8-8B4A-11D0-8D11-00A0C91BC942}") = "triangle", "EXAMPLE\triangle\triangle.vcxproj", "{FFDA5B19-6458-408E-B226-EB5EE2F91283}"
EndProject
Global
	GlobalSection(SolutionConfigurationPlatforms) = preSolution
		Debug|x64 = Debug|x64
		Debug|x86 = Debug|x86
		Release|x64 = Release|x64
		Release|x86 = Release|x86
	EndGlobalSection
	GlobalSection(ProjectConfigurationPlatforms) = postSolution
		{BB96B707-50B1-4090-ACD6-2113FA9AEE49}.Debug|x64.ActiveCfg = Debug|x64
		{BB96B707-50B1-4090-ACD6-2113FA9AEE49}.Debug|x64.Build.0 = Debug|x64
		{BB96B707-50B1-4090-ACD6-2113FA9AEE49}.Debug|x86.ActiveCfg = Debug|Win32
		{BB96B707-50B1-4090-ACD6-2113FA9AEE49}.Debug|x86.Build.0 = Debug|Win32
		{BB96B707-50B1-4090-ACD6-2113FA9AEE49}.Release|x64.ActiveCfg = Release|x64
		{BB96B707-50B1-4090-ACD6-2113FA9AEE49}.Release|x64.Build.0 = Release|x64
		{BB96B707-50B1-4090-ACD6-2113FA9AEE49}.Release|x86.ActiveCfg = Release|Win32
		{BB96B707-50B1-4090-ACD6-2113FA9AEE49}.Release|x86.Build.0 = Release|Win32
		{FFDA5B19-6458-408E-B226-EB5EE2F91283}.Debug|x64.ActiveCfg = Debug|x64
		{FFDA5B19-6458-408E-B226-EB5EE2F91283}.Debug|x64.Build.0 = Debug|x64
		{FFDA5B19-6458-408E-B226-EB5EE2F91283}.Debug|x86.ActiveCfg = Debug|Win32
		{FFDA5B19-6458-408E-B226-EB5EE2F91283}.Debug|x86.Build.0 = Debug|Win32
		{FFDA5B19-6458-408E-B226-EB5EE2F91283}.Release|x64.ActiveCfg = Release|x64
		{FFDA5B19-6458-408E-B226-EB5EE2F91283}.Release|x64.Build.0 = Release|x64
		{FFDA5B19-6458-408E-B226-EB5EE2F91283}.Release|x86.ActiveCfg = Release|Win32
		{FFDA5B19-6458-408E-B226-EB5EE2F91283}.Release|x86.Build.0 = Release|Win32
	EndGlobalSection
	GlobalSection(SolutionProperties) = preSolution
		HideSolutionNode = FALSE
	EndGlobalSection
	GlobalSection(ExtensibilityGlobals) = postSolution
		SolutionGuid = {1B52F122-59F5-4EEF-A045-EF03E1FBA8F1}
	EndGlobalSection
EndGlobal
