
Microsoft Visual Studio Solution File, Format Version 12.00
# Visual Studio 15
VisualStudioVersion = 15.0.27130.2020
MinimumVisualStudioVersion = 10.0.40219.1
Project("{8BC9CEB8-8B4A-11D0-8D11-00A0C91BC942}") = "first_window", "EXAMPLE\first_window\first_window.vcxproj", "{BB96B707-50B1-4090-ACD6-2113FA9AEE49}"
EndProject
Project("{8BC9CEB8-8B4A-11D0-8D11-00A0C91BC942}") = "triangle", "EXAMPLE\triangle\triangle.vcxproj", "{FFDA5B19-6458-408E-B226-EB5EE2F91283}"
EndProject
Project("{8BC9CEB8-8B4A-11D0-8D11-00A0C91BC942}") = "texture", "EXAMPLE\texture\texture.vcxproj", "{54B3A7C1-FC4B-4C9A-A129-0AEBFBF1F129}"
EndProject
Project("{8BC9CEB8-8B4A-11D0-8D11-00A0C91BC942}") = "light", "EXAMPLE\light\light.vcxproj", "{20418302-73A0-4B7A-A88C-28B49324A9CE}"
EndProject
Project("{8BC9CEB8-8B4A-11D0-8D11-00A0C91BC942}") = "cube", "EXAMPLE\cube\cube.vcxproj", "{5F3F752A-417C-49E3-9F4A-41D8E5AA3B52}"
EndProject
Project("{8BC9CEB8-8B4A-11D0-8D11-00A0C91BC942}") = "ambient", "EXAMPLE\ambient\ambient.vcxproj", "{D572B7A5-676E-4A57-B453-4DC431426BA0}"
EndProject
Project("{8BC9CEB8-8B4A-11D0-8D11-00A0C91BC942}") = "specular", "EXAMPLE\specular\specular.vcxproj", "{66F0A77B-B4EC-4685-B07E-1537561816FC}"
EndProject
Project("{8BC9CEB8-8B4A-11D0-8D11-00A0C91BC942}") = "2d_rendering", "EXAMPLE\2d_rendering\2d_rendering.vcxproj", "{D5962E49-79F3-4B1E-92D0-F391C126D4EC}"
EndProject
Project("{8BC9CEB8-8B4A-11D0-8D11-00A0C91BC942}") = "text_engine", "EXAMPLE\text_engine\text_engine.vcxproj", "{DC0A9CBC-6125-44F9-BAA2-98703FE0CFC1}"
EndProject
Project("{8BC9CEB8-8B4A-11D0-8D11-00A0C91BC942}") = "direct_input", "EXAMPLE\direct_input\direct_input.vcxproj", "{873B0F4A-4B34-4C2C-9FB8-A16975B3E0D5}"
EndProject
Project("{8BC9CEB8-8B4A-11D0-8D11-00A0C91BC942}") = "direct_sound", "EXAMPLE\direct_sound\direct_sound.vcxproj", "{3E8BEE9A-73D5-48A9-BE58-196253DDB09B}"
EndProject
Project("{8BC9CEB8-8B4A-11D0-8D11-00A0C91BC942}") = "config", "EXAMPLE\config\config.vcxproj", "{AE488381-A068-4117-841A-6FC40E413A4E}"
EndProject
Project("{8BC9CEB8-8B4A-11D0-8D11-00A0C91BC942}") = "frustum_culling", "EXAMPLE\frustum_culling\frustum_culling.vcxproj", "{0668ED33-260E-440D-841C-A01344B62AAF}"
EndProject
Project("{8BC9CEB8-8B4A-11D0-8D11-00A0C91BC942}") = "multi_texture", "EXAMPLE\multi_texture\multi_texture.vcxproj", "{1C3205AE-AB59-4039-A461-1C2E4E7B325C}"
EndProject
Project("{8BC9CEB8-8B4A-11D0-8D11-00A0C91BC942}") = "lightmap", "EXAMPLE\lightmap\lightmap.vcxproj", "{C21F2FFC-A714-4684-B3CF-54BF858D47B2}"
EndProject
Project("{8BC9CEB8-8B4A-11D0-8D11-00A0C91BC942}") = "alphamap", "EXAMPLE\alphamap\alphamap.vcxproj", "{92C0A5D4-36D9-41BA-A8AF-F76887148939}"
EndProject
Project("{8BC9CEB8-8B4A-11D0-8D11-00A0C91BC942}") = "normalmap", "EXAMPLE\normalmap\normalmap.vcxproj", "{CDA39D91-72A4-477C-8495-3657F48EE541}"
EndProject
Project("{8BC9CEB8-8B4A-11D0-8D11-00A0C91BC942}") = "specularmap", "EXAMPLE\specularmap\specularmap.vcxproj", "{D92713E3-414B-474C-994D-403F651E1F9B}"
EndProject
Project("{8BC9CEB8-8B4A-11D0-8D11-00A0C91BC942}") = "render_to_texture", "EXAMPLE\render_to_texture\render_to_texture.vcxproj", "{756D4925-5B23-4C01-A5B1-1F67A2CCA7A3}"
EndProject
Project("{8BC9CEB8-8B4A-11D0-8D11-00A0C91BC942}") = "fog", "EXAMPLE\fog\fog.vcxproj", "{B6FB32A1-6E1A-41EF-967E-6F2E891E07BD}"
EndProject
Project("{8BC9CEB8-8B4A-11D0-8D11-00A0C91BC942}") = "clip_plane", "EXAMPLE\clip_plane\clip_plane.vcxproj", "{BD540035-2408-42A9-8334-C1B908E7B77C}"
EndProject
Project("{8BC9CEB8-8B4A-11D0-8D11-00A0C91BC942}") = "translate_texture", "EXAMPLE\translate_texture\translate_texture.vcxproj", "{CFCD7732-699C-4DDA-84E7-0FCF4145B74D}"
EndProject
Project("{8BC9CEB8-8B4A-11D0-8D11-00A0C91BC942}") = "transparent", "EXAMPLE\transparent\transparent.vcxproj", "{61F482D5-AB90-485A-B87F-D4751D8C3941}"
EndProject
Project("{8BC9CEB8-8B4A-11D0-8D11-00A0C91BC942}") = "reflection", "EXAMPLE\reflection\reflection.vcxproj", "{3F32AA12-E6C3-4E66-B740-01C1533F362B}"
EndProject
Project("{8BC9CEB8-8B4A-11D0-8D11-00A0C91BC942}") = "fade", "EXAMPLE\fade\fade.vcxproj", "{2D9B6A77-02A3-41E7-99C8-60F7EFE15BAE}"
EndProject
Project("{8BC9CEB8-8B4A-11D0-8D11-00A0C91BC942}") = "water", "EXAMPLE\water\water.vcxproj", "{49164185-D239-4CB0-B481-0DCCAFA7FB5E}"
EndProject
Project("{8BC9CEB8-8B4A-11D0-8D11-00A0C91BC942}") = "multi_point_lights", "EXAMPLE\multi_point_lights\multi_point_lights.vcxproj", "{2C4B0476-E1F6-460F-9450-3165440A2D71}"
EndProject
Project("{8BC9CEB8-8B4A-11D0-8D11-00A0C91BC942}") = "glass_and_ice", "EXAMPLE\glass_and_ice\glass_and_ice.vcxproj", "{98249807-E59D-4183-9DCD-9A37D165886D}"
EndProject
Project("{8BC9CEB8-8B4A-11D0-8D11-00A0C91BC942}") = "fire", "EXAMPLE\fire\fire.vcxproj", "{95D0A0B8-91F0-48D4-989C-CD425AB7D814}"
EndProject
Project("{8BC9CEB8-8B4A-11D0-8D11-00A0C91BC942}") = "billboarding", "EXAMPLE\billboarding\billboarding.vcxproj", "{C673440B-E11D-44DE-A572-1E01C1A5DE1B}"
EndProject
Project("{8BC9CEB8-8B4A-11D0-8D11-00A0C91BC942}") = "depth_buffer", "EXAMPLE\depth_buffer\depth_buffer.vcxproj", "{FF4EC070-0A23-4A59-B40A-7B48F6B813B1}"
EndProject
Project("{8BC9CEB8-8B4A-11D0-8D11-00A0C91BC942}") = "blur", "EXAMPLE\blur\blur.vcxproj", "{3614DE00-C428-44BA-B7A5-35452DCF3914}"
EndProject
Global
	GlobalSection(SolutionConfigurationPlatforms) = preSolution
		Debug|x64 = Debug|x64
		Debug|x86 = Debug|x86
		Release|x64 = Release|x64
		Release|x86 = Release|x86
	EndGlobalSection
	GlobalSection(ProjectConfigurationPlatforms) = postSolution
		{BB96B707-50B1-4090-ACD6-2113FA9AEE49}.Debug|x64.ActiveCfg = Debug|x64
		{BB96B707-50B1-4090-ACD6-2113FA9AEE49}.Debug|x64.Build.0 = Debug|x64
		{BB96B707-50B1-4090-ACD6-2113FA9AEE49}.Debug|x86.ActiveCfg = Debug|Win32
		{BB96B707-50B1-4090-ACD6-2113FA9AEE49}.Debug|x86.Build.0 = Debug|Win32
		{BB96B707-50B1-4090-ACD6-2113FA9AEE49}.Release|x64.ActiveCfg = Release|x64
		{BB96B707-50B1-4090-ACD6-2113FA9AEE49}.Release|x64.Build.0 = Release|x64
		{BB96B707-50B1-4090-ACD6-2113FA9AEE49}.Release|x86.ActiveCfg = Release|Win32
		{BB96B707-50B1-4090-ACD6-2113FA9AEE49}.Release|x86.Build.0 = Release|Win32
		{FFDA5B19-6458-408E-B226-EB5EE2F91283}.Debug|x64.ActiveCfg = Debug|x64
		{FFDA5B19-6458-408E-B226-EB5EE2F91283}.Debug|x64.Build.0 = Debug|x64
		{FFDA5B19-6458-408E-B226-EB5EE2F91283}.Debug|x86.ActiveCfg = Debug|Win32
		{FFDA5B19-6458-408E-B226-EB5EE2F91283}.Debug|x86.Build.0 = Debug|Win32
		{FFDA5B19-6458-408E-B226-EB5EE2F91283}.Release|x64.ActiveCfg = Release|x64
		{FFDA5B19-6458-408E-B226-EB5EE2F91283}.Release|x64.Build.0 = Release|x64
		{FFDA5B19-6458-408E-B226-EB5EE2F91283}.Release|x86.ActiveCfg = Release|Win32
		{FFDA5B19-6458-408E-B226-EB5EE2F91283}.Release|x86.Build.0 = Release|Win32
		{54B3A7C1-FC4B-4C9A-A129-0AEBFBF1F129}.Debug|x64.ActiveCfg = Debug|x64
		{54B3A7C1-FC4B-4C9A-A129-0AEBFBF1F129}.Debug|x64.Build.0 = Debug|x64
		{54B3A7C1-FC4B-4C9A-A129-0AEBFBF1F129}.Debug|x86.ActiveCfg = Debug|Win32
		{54B3A7C1-FC4B-4C9A-A129-0AEBFBF1F129}.Debug|x86.Build.0 = Debug|Win32
		{54B3A7C1-FC4B-4C9A-A129-0AEBFBF1F129}.Release|x64.ActiveCfg = Release|x64
		{54B3A7C1-FC4B-4C9A-A129-0AEBFBF1F129}.Release|x64.Build.0 = Release|x64
		{54B3A7C1-FC4B-4C9A-A129-0AEBFBF1F129}.Release|x86.ActiveCfg = Release|Win32
		{54B3A7C1-FC4B-4C9A-A129-0AEBFBF1F129}.Release|x86.Build.0 = Release|Win32
		{20418302-73A0-4B7A-A88C-28B49324A9CE}.Debug|x64.ActiveCfg = Debug|x64
		{20418302-73A0-4B7A-A88C-28B49324A9CE}.Debug|x64.Build.0 = Debug|x64
		{20418302-73A0-4B7A-A88C-28B49324A9CE}.Debug|x86.ActiveCfg = Debug|Win32
		{20418302-73A0-4B7A-A88C-28B49324A9CE}.Debug|x86.Build.0 = Debug|Win32
		{20418302-73A0-4B7A-A88C-28B49324A9CE}.Release|x64.ActiveCfg = Release|x64
		{20418302-73A0-4B7A-A88C-28B49324A9CE}.Release|x64.Build.0 = Release|x64
		{20418302-73A0-4B7A-A88C-28B49324A9CE}.Release|x86.ActiveCfg = Release|Win32
		{20418302-73A0-4B7A-A88C-28B49324A9CE}.Release|x86.Build.0 = Release|Win32
		{5F3F752A-417C-49E3-9F4A-41D8E5AA3B52}.Debug|x64.ActiveCfg = Debug|x64
		{5F3F752A-417C-49E3-9F4A-41D8E5AA3B52}.Debug|x64.Build.0 = Debug|x64
		{5F3F752A-417C-49E3-9F4A-41D8E5AA3B52}.Debug|x86.ActiveCfg = Debug|Win32
		{5F3F752A-417C-49E3-9F4A-41D8E5AA3B52}.Debug|x86.Build.0 = Debug|Win32
		{5F3F752A-417C-49E3-9F4A-41D8E5AA3B52}.Release|x64.ActiveCfg = Release|x64
		{5F3F752A-417C-49E3-9F4A-41D8E5AA3B52}.Release|x64.Build.0 = Release|x64
		{5F3F752A-417C-49E3-9F4A-41D8E5AA3B52}.Release|x86.ActiveCfg = Release|Win32
		{5F3F752A-417C-49E3-9F4A-41D8E5AA3B52}.Release|x86.Build.0 = Release|Win32
		{D572B7A5-676E-4A57-B453-4DC431426BA0}.Debug|x64.ActiveCfg = Debug|x64
		{D572B7A5-676E-4A57-B453-4DC431426BA0}.Debug|x64.Build.0 = Debug|x64
		{D572B7A5-676E-4A57-B453-4DC431426BA0}.Debug|x86.ActiveCfg = Debug|Win32
		{D572B7A5-676E-4A57-B453-4DC431426BA0}.Debug|x86.Build.0 = Debug|Win32
		{D572B7A5-676E-4A57-B453-4DC431426BA0}.Release|x64.ActiveCfg = Release|x64
		{D572B7A5-676E-4A57-B453-4DC431426BA0}.Release|x64.Build.0 = Release|x64
		{D572B7A5-676E-4A57-B453-4DC431426BA0}.Release|x86.ActiveCfg = Release|Win32
		{D572B7A5-676E-4A57-B453-4DC431426BA0}.Release|x86.Build.0 = Release|Win32
		{66F0A77B-B4EC-4685-B07E-1537561816FC}.Debug|x64.ActiveCfg = Debug|x64
		{66F0A77B-B4EC-4685-B07E-1537561816FC}.Debug|x64.Build.0 = Debug|x64
		{66F0A77B-B4EC-4685-B07E-1537561816FC}.Debug|x86.ActiveCfg = Debug|Win32
		{66F0A77B-B4EC-4685-B07E-1537561816FC}.Debug|x86.Build.0 = Debug|Win32
		{66F0A77B-B4EC-4685-B07E-1537561816FC}.Release|x64.ActiveCfg = Release|x64
		{66F0A77B-B4EC-4685-B07E-1537561816FC}.Release|x64.Build.0 = Release|x64
		{66F0A77B-B4EC-4685-B07E-1537561816FC}.Release|x86.ActiveCfg = Release|Win32
		{66F0A77B-B4EC-4685-B07E-1537561816FC}.Release|x86.Build.0 = Release|Win32
		{D5962E49-79F3-4B1E-92D0-F391C126D4EC}.Debug|x64.ActiveCfg = Debug|x64
		{D5962E49-79F3-4B1E-92D0-F391C126D4EC}.Debug|x64.Build.0 = Debug|x64
		{D5962E49-79F3-4B1E-92D0-F391C126D4EC}.Debug|x86.ActiveCfg = Debug|Win32
		{D5962E49-79F3-4B1E-92D0-F391C126D4EC}.Debug|x86.Build.0 = Debug|Win32
		{D5962E49-79F3-4B1E-92D0-F391C126D4EC}.Release|x64.ActiveCfg = Release|x64
		{D5962E49-79F3-4B1E-92D0-F391C126D4EC}.Release|x64.Build.0 = Release|x64
		{D5962E49-79F3-4B1E-92D0-F391C126D4EC}.Release|x86.ActiveCfg = Release|Win32
		{D5962E49-79F3-4B1E-92D0-F391C126D4EC}.Release|x86.Build.0 = Release|Win32
		{DC0A9CBC-6125-44F9-BAA2-98703FE0CFC1}.Debug|x64.ActiveCfg = Debug|x64
		{DC0A9CBC-6125-44F9-BAA2-98703FE0CFC1}.Debug|x64.Build.0 = Debug|x64
		{DC0A9CBC-6125-44F9-BAA2-98703FE0CFC1}.Debug|x86.ActiveCfg = Debug|Win32
		{DC0A9CBC-6125-44F9-BAA2-98703FE0CFC1}.Debug|x86.Build.0 = Debug|Win32
		{DC0A9CBC-6125-44F9-BAA2-98703FE0CFC1}.Release|x64.ActiveCfg = Release|x64
		{DC0A9CBC-6125-44F9-BAA2-98703FE0CFC1}.Release|x64.Build.0 = Release|x64
		{DC0A9CBC-6125-44F9-BAA2-98703FE0CFC1}.Release|x86.ActiveCfg = Release|Win32
		{DC0A9CBC-6125-44F9-BAA2-98703FE0CFC1}.Release|x86.Build.0 = Release|Win32
		{873B0F4A-4B34-4C2C-9FB8-A16975B3E0D5}.Debug|x64.ActiveCfg = Debug|x64
		{873B0F4A-4B34-4C2C-9FB8-A16975B3E0D5}.Debug|x64.Build.0 = Debug|x64
		{873B0F4A-4B34-4C2C-9FB8-A16975B3E0D5}.Debug|x86.ActiveCfg = Debug|Win32
		{873B0F4A-4B34-4C2C-9FB8-A16975B3E0D5}.Debug|x86.Build.0 = Debug|Win32
		{873B0F4A-4B34-4C2C-9FB8-A16975B3E0D5}.Release|x64.ActiveCfg = Release|x64
		{873B0F4A-4B34-4C2C-9FB8-A16975B3E0D5}.Release|x64.Build.0 = Release|x64
		{873B0F4A-4B34-4C2C-9FB8-A16975B3E0D5}.Release|x86.ActiveCfg = Release|Win32
		{873B0F4A-4B34-4C2C-9FB8-A16975B3E0D5}.Release|x86.Build.0 = Release|Win32
		{3E8BEE9A-73D5-48A9-BE58-196253DDB09B}.Debug|x64.ActiveCfg = Debug|x64
		{3E8BEE9A-73D5-48A9-BE58-196253DDB09B}.Debug|x64.Build.0 = Debug|x64
		{3E8BEE9A-73D5-48A9-BE58-196253DDB09B}.Debug|x86.ActiveCfg = Debug|Win32
		{3E8BEE9A-73D5-48A9-BE58-196253DDB09B}.Debug|x86.Build.0 = Debug|Win32
		{3E8BEE9A-73D5-48A9-BE58-196253DDB09B}.Release|x64.ActiveCfg = Release|x64
		{3E8BEE9A-73D5-48A9-BE58-196253DDB09B}.Release|x64.Build.0 = Release|x64
		{3E8BEE9A-73D5-48A9-BE58-196253DDB09B}.Release|x86.ActiveCfg = Release|Win32
		{3E8BEE9A-73D5-48A9-BE58-196253DDB09B}.Release|x86.Build.0 = Release|Win32
		{AE488381-A068-4117-841A-6FC40E413A4E}.Debug|x64.ActiveCfg = Debug|x64
		{AE488381-A068-4117-841A-6FC40E413A4E}.Debug|x64.Build.0 = Debug|x64
		{AE488381-A068-4117-841A-6FC40E413A4E}.Debug|x86.ActiveCfg = Debug|Win32
		{AE488381-A068-4117-841A-6FC40E413A4E}.Debug|x86.Build.0 = Debug|Win32
		{AE488381-A068-4117-841A-6FC40E413A4E}.Release|x64.ActiveCfg = Release|x64
		{AE488381-A068-4117-841A-6FC40E413A4E}.Release|x64.Build.0 = Release|x64
		{AE488381-A068-4117-841A-6FC40E413A4E}.Release|x86.ActiveCfg = Release|Win32
		{AE488381-A068-4117-841A-6FC40E413A4E}.Release|x86.Build.0 = Release|Win32
		{0668ED33-260E-440D-841C-A01344B62AAF}.Debug|x64.ActiveCfg = Debug|x64
		{0668ED33-260E-440D-841C-A01344B62AAF}.Debug|x64.Build.0 = Debug|x64
		{0668ED33-260E-440D-841C-A01344B62AAF}.Debug|x86.ActiveCfg = Debug|Win32
		{0668ED33-260E-440D-841C-A01344B62AAF}.Debug|x86.Build.0 = Debug|Win32
		{0668ED33-260E-440D-841C-A01344B62AAF}.Release|x64.ActiveCfg = Release|x64
		{0668ED33-260E-440D-841C-A01344B62AAF}.Release|x64.Build.0 = Release|x64
		{0668ED33-260E-440D-841C-A01344B62AAF}.Release|x86.ActiveCfg = Release|Win32
		{0668ED33-260E-440D-841C-A01344B62AAF}.Release|x86.Build.0 = Release|Win32
		{1C3205AE-AB59-4039-A461-1C2E4E7B325C}.Debug|x64.ActiveCfg = Debug|x64
		{1C3205AE-AB59-4039-A461-1C2E4E7B325C}.Debug|x64.Build.0 = Debug|x64
		{1C3205AE-AB59-4039-A461-1C2E4E7B325C}.Debug|x86.ActiveCfg = Debug|Win32
		{1C3205AE-AB59-4039-A461-1C2E4E7B325C}.Debug|x86.Build.0 = Debug|Win32
		{1C3205AE-AB59-4039-A461-1C2E4E7B325C}.Release|x64.ActiveCfg = Release|x64
		{1C3205AE-AB59-4039-A461-1C2E4E7B325C}.Release|x64.Build.0 = Release|x64
		{1C3205AE-AB59-4039-A461-1C2E4E7B325C}.Release|x86.ActiveCfg = Release|Win32
		{1C3205AE-AB59-4039-A461-1C2E4E7B325C}.Release|x86.Build.0 = Release|Win32
		{C21F2FFC-A714-4684-B3CF-54BF858D47B2}.Debug|x64.ActiveCfg = Debug|x64
		{C21F2FFC-A714-4684-B3CF-54BF858D47B2}.Debug|x64.Build.0 = Debug|x64
		{C21F2FFC-A714-4684-B3CF-54BF858D47B2}.Debug|x86.ActiveCfg = Debug|Win32
		{C21F2FFC-A714-4684-B3CF-54BF858D47B2}.Debug|x86.Build.0 = Debug|Win32
		{C21F2FFC-A714-4684-B3CF-54BF858D47B2}.Release|x64.ActiveCfg = Release|x64
		{C21F2FFC-A714-4684-B3CF-54BF858D47B2}.Release|x64.Build.0 = Release|x64
		{C21F2FFC-A714-4684-B3CF-54BF858D47B2}.Release|x86.ActiveCfg = Release|Win32
		{C21F2FFC-A714-4684-B3CF-54BF858D47B2}.Release|x86.Build.0 = Release|Win32
		{92C0A5D4-36D9-41BA-A8AF-F76887148939}.Debug|x64.ActiveCfg = Debug|x64
		{92C0A5D4-36D9-41BA-A8AF-F76887148939}.Debug|x64.Build.0 = Debug|x64
		{92C0A5D4-36D9-41BA-A8AF-F76887148939}.Debug|x86.ActiveCfg = Debug|Win32
		{92C0A5D4-36D9-41BA-A8AF-F76887148939}.Debug|x86.Build.0 = Debug|Win32
		{92C0A5D4-36D9-41BA-A8AF-F76887148939}.Release|x64.ActiveCfg = Release|x64
		{92C0A5D4-36D9-41BA-A8AF-F76887148939}.Release|x64.Build.0 = Release|x64
		{92C0A5D4-36D9-41BA-A8AF-F76887148939}.Release|x86.ActiveCfg = Release|Win32
		{92C0A5D4-36D9-41BA-A8AF-F76887148939}.Release|x86.Build.0 = Release|Win32
		{CDA39D91-72A4-477C-8495-3657F48EE541}.Debug|x64.ActiveCfg = Debug|x64
		{CDA39D91-72A4-477C-8495-3657F48EE541}.Debug|x64.Build.0 = Debug|x64
		{CDA39D91-72A4-477C-8495-3657F48EE541}.Debug|x86.ActiveCfg = Debug|Win32
		{CDA39D91-72A4-477C-8495-3657F48EE541}.Debug|x86.Build.0 = Debug|Win32
		{CDA39D91-72A4-477C-8495-3657F48EE541}.Release|x64.ActiveCfg = Release|x64
		{CDA39D91-72A4-477C-8495-3657F48EE541}.Release|x64.Build.0 = Release|x64
		{CDA39D91-72A4-477C-8495-3657F48EE541}.Release|x86.ActiveCfg = Release|Win32
		{CDA39D91-72A4-477C-8495-3657F48EE541}.Release|x86.Build.0 = Release|Win32
		{D92713E3-414B-474C-994D-403F651E1F9B}.Debug|x64.ActiveCfg = Debug|x64
		{D92713E3-414B-474C-994D-403F651E1F9B}.Debug|x64.Build.0 = Debug|x64
		{D92713E3-414B-474C-994D-403F651E1F9B}.Debug|x86.ActiveCfg = Debug|Win32
		{D92713E3-414B-474C-994D-403F651E1F9B}.Debug|x86.Build.0 = Debug|Win32
		{D92713E3-414B-474C-994D-403F651E1F9B}.Release|x64.ActiveCfg = Release|x64
		{D92713E3-414B-474C-994D-403F651E1F9B}.Release|x64.Build.0 = Release|x64
		{D92713E3-414B-474C-994D-403F651E1F9B}.Release|x86.ActiveCfg = Release|Win32
		{D92713E3-414B-474C-994D-403F651E1F9B}.Release|x86.Build.0 = Release|Win32
		{756D4925-5B23-4C01-A5B1-1F67A2CCA7A3}.Debug|x64.ActiveCfg = Debug|x64
		{756D4925-5B23-4C01-A5B1-1F67A2CCA7A3}.Debug|x64.Build.0 = Debug|x64
		{756D4925-5B23-4C01-A5B1-1F67A2CCA7A3}.Debug|x86.ActiveCfg = Debug|Win32
		{756D4925-5B23-4C01-A5B1-1F67A2CCA7A3}.Debug|x86.Build.0 = Debug|Win32
		{756D4925-5B23-4C01-A5B1-1F67A2CCA7A3}.Release|x64.ActiveCfg = Release|x64
		{756D4925-5B23-4C01-A5B1-1F67A2CCA7A3}.Release|x64.Build.0 = Release|x64
		{756D4925-5B23-4C01-A5B1-1F67A2CCA7A3}.Release|x86.ActiveCfg = Release|Win32
		{756D4925-5B23-4C01-A5B1-1F67A2CCA7A3}.Release|x86.Build.0 = Release|Win32
		{B6FB32A1-6E1A-41EF-967E-6F2E891E07BD}.Debug|x64.ActiveCfg = Debug|x64
		{B6FB32A1-6E1A-41EF-967E-6F2E891E07BD}.Debug|x64.Build.0 = Debug|x64
		{B6FB32A1-6E1A-41EF-967E-6F2E891E07BD}.Debug|x86.ActiveCfg = Debug|Win32
		{B6FB32A1-6E1A-41EF-967E-6F2E891E07BD}.Debug|x86.Build.0 = Debug|Win32
		{B6FB32A1-6E1A-41EF-967E-6F2E891E07BD}.Release|x64.ActiveCfg = Release|x64
		{B6FB32A1-6E1A-41EF-967E-6F2E891E07BD}.Release|x64.Build.0 = Release|x64
		{B6FB32A1-6E1A-41EF-967E-6F2E891E07BD}.Release|x86.ActiveCfg = Release|Win32
		{B6FB32A1-6E1A-41EF-967E-6F2E891E07BD}.Release|x86.Build.0 = Release|Win32
		{BD540035-2408-42A9-8334-C1B908E7B77C}.Debug|x64.ActiveCfg = Debug|x64
		{BD540035-2408-42A9-8334-C1B908E7B77C}.Debug|x64.Build.0 = Debug|x64
		{BD540035-2408-42A9-8334-C1B908E7B77C}.Debug|x86.ActiveCfg = Debug|Win32
		{BD540035-2408-42A9-8334-C1B908E7B77C}.Debug|x86.Build.0 = Debug|Win32
		{BD540035-2408-42A9-8334-C1B908E7B77C}.Release|x64.ActiveCfg = Release|x64
		{BD540035-2408-42A9-8334-C1B908E7B77C}.Release|x64.Build.0 = Release|x64
		{BD540035-2408-42A9-8334-C1B908E7B77C}.Release|x86.ActiveCfg = Release|Win32
		{BD540035-2408-42A9-8334-C1B908E7B77C}.Release|x86.Build.0 = Release|Win32
		{CFCD7732-699C-4DDA-84E7-0FCF4145B74D}.Debug|x64.ActiveCfg = Debug|x64
		{CFCD7732-699C-4DDA-84E7-0FCF4145B74D}.Debug|x64.Build.0 = Debug|x64
		{CFCD7732-699C-4DDA-84E7-0FCF4145B74D}.Debug|x86.ActiveCfg = Debug|Win32
		{CFCD7732-699C-4DDA-84E7-0FCF4145B74D}.Debug|x86.Build.0 = Debug|Win32
		{CFCD7732-699C-4DDA-84E7-0FCF4145B74D}.Release|x64.ActiveCfg = Release|x64
		{CFCD7732-699C-4DDA-84E7-0FCF4145B74D}.Release|x64.Build.0 = Release|x64
		{CFCD7732-699C-4DDA-84E7-0FCF4145B74D}.Release|x86.ActiveCfg = Release|Win32
		{CFCD7732-699C-4DDA-84E7-0FCF4145B74D}.Release|x86.Build.0 = Release|Win32
		{61F482D5-AB90-485A-B87F-D4751D8C3941}.Debug|x64.ActiveCfg = Debug|x64
		{61F482D5-AB90-485A-B87F-D4751D8C3941}.Debug|x64.Build.0 = Debug|x64
		{61F482D5-AB90-485A-B87F-D4751D8C3941}.Debug|x86.ActiveCfg = Debug|Win32
		{61F482D5-AB90-485A-B87F-D4751D8C3941}.Debug|x86.Build.0 = Debug|Win32
		{61F482D5-AB90-485A-B87F-D4751D8C3941}.Release|x64.ActiveCfg = Release|x64
		{61F482D5-AB90-485A-B87F-D4751D8C3941}.Release|x64.Build.0 = Release|x64
		{61F482D5-AB90-485A-B87F-D4751D8C3941}.Release|x86.ActiveCfg = Release|Win32
		{61F482D5-AB90-485A-B87F-D4751D8C3941}.Release|x86.Build.0 = Release|Win32
		{3F32AA12-E6C3-4E66-B740-01C1533F362B}.Debug|x64.ActiveCfg = Debug|x64
		{3F32AA12-E6C3-4E66-B740-01C1533F362B}.Debug|x64.Build.0 = Debug|x64
		{3F32AA12-E6C3-4E66-B740-01C1533F362B}.Debug|x86.ActiveCfg = Debug|Win32
		{3F32AA12-E6C3-4E66-B740-01C1533F362B}.Debug|x86.Build.0 = Debug|Win32
		{3F32AA12-E6C3-4E66-B740-01C1533F362B}.Release|x64.ActiveCfg = Release|x64
		{3F32AA12-E6C3-4E66-B740-01C1533F362B}.Release|x64.Build.0 = Release|x64
		{3F32AA12-E6C3-4E66-B740-01C1533F362B}.Release|x86.ActiveCfg = Release|Win32
		{3F32AA12-E6C3-4E66-B740-01C1533F362B}.Release|x86.Build.0 = Release|Win32
		{2D9B6A77-02A3-41E7-99C8-60F7EFE15BAE}.Debug|x64.ActiveCfg = Debug|x64
		{2D9B6A77-02A3-41E7-99C8-60F7EFE15BAE}.Debug|x64.Build.0 = Debug|x64
		{2D9B6A77-02A3-41E7-99C8-60F7EFE15BAE}.Debug|x86.ActiveCfg = Debug|Win32
		{2D9B6A77-02A3-41E7-99C8-60F7EFE15BAE}.Debug|x86.Build.0 = Debug|Win32
		{2D9B6A77-02A3-41E7-99C8-60F7EFE15BAE}.Release|x64.ActiveCfg = Release|x64
		{2D9B6A77-02A3-41E7-99C8-60F7EFE15BAE}.Release|x64.Build.0 = Release|x64
		{2D9B6A77-02A3-41E7-99C8-60F7EFE15BAE}.Release|x86.ActiveCfg = Release|Win32
		{2D9B6A77-02A3-41E7-99C8-60F7EFE15BAE}.Release|x86.Build.0 = Release|Win32
		{49164185-D239-4CB0-B481-0DCCAFA7FB5E}.Debug|x64.ActiveCfg = Debug|x64
		{49164185-D239-4CB0-B481-0DCCAFA7FB5E}.Debug|x64.Build.0 = Debug|x64
		{49164185-D239-4CB0-B481-0DCCAFA7FB5E}.Debug|x86.ActiveCfg = Debug|Win32
		{49164185-D239-4CB0-B481-0DCCAFA7FB5E}.Debug|x86.Build.0 = Debug|Win32
		{49164185-D239-4CB0-B481-0DCCAFA7FB5E}.Release|x64.ActiveCfg = Release|x64
		{49164185-D239-4CB0-B481-0DCCAFA7FB5E}.Release|x64.Build.0 = Release|x64
		{49164185-D239-4CB0-B481-0DCCAFA7FB5E}.Release|x86.ActiveCfg = Release|Win32
		{49164185-D239-4CB0-B481-0DCCAFA7FB5E}.Release|x86.Build.0 = Release|Win32
		{2C4B0476-E1F6-460F-9450-3165440A2D71}.Debug|x64.ActiveCfg = Debug|x64
		{2C4B0476-E1F6-460F-9450-3165440A2D71}.Debug|x64.Build.0 = Debug|x64
		{2C4B0476-E1F6-460F-9450-3165440A2D71}.Debug|x86.ActiveCfg = Debug|Win32
		{2C4B0476-E1F6-460F-9450-3165440A2D71}.Debug|x86.Build.0 = Debug|Win32
		{2C4B0476-E1F6-460F-9450-3165440A2D71}.Release|x64.ActiveCfg = Release|x64
		{2C4B0476-E1F6-460F-9450-3165440A2D71}.Release|x64.Build.0 = Release|x64
		{2C4B0476-E1F6-460F-9450-3165440A2D71}.Release|x86.ActiveCfg = Release|Win32
		{2C4B0476-E1F6-460F-9450-3165440A2D71}.Release|x86.Build.0 = Release|Win32
		{98249807-E59D-4183-9DCD-9A37D165886D}.Debug|x64.ActiveCfg = Debug|x64
		{98249807-E59D-4183-9DCD-9A37D165886D}.Debug|x64.Build.0 = Debug|x64
		{98249807-E59D-4183-9DCD-9A37D165886D}.Debug|x86.ActiveCfg = Debug|Win32
		{98249807-E59D-4183-9DCD-9A37D165886D}.Debug|x86.Build.0 = Debug|Win32
		{98249807-E59D-4183-9DCD-9A37D165886D}.Release|x64.ActiveCfg = Release|x64
		{98249807-E59D-4183-9DCD-9A37D165886D}.Release|x64.Build.0 = Release|x64
		{98249807-E59D-4183-9DCD-9A37D165886D}.Release|x86.ActiveCfg = Release|Win32
		{98249807-E59D-4183-9DCD-9A37D165886D}.Release|x86.Build.0 = Release|Win32
		{95D0A0B8-91F0-48D4-989C-CD425AB7D814}.Debug|x64.ActiveCfg = Debug|x64
		{95D0A0B8-91F0-48D4-989C-CD425AB7D814}.Debug|x64.Build.0 = Debug|x64
		{95D0A0B8-91F0-48D4-989C-CD425AB7D814}.Debug|x86.ActiveCfg = Debug|Win32
		{95D0A0B8-91F0-48D4-989C-CD425AB7D814}.Debug|x86.Build.0 = Debug|Win32
		{95D0A0B8-91F0-48D4-989C-CD425AB7D814}.Release|x64.ActiveCfg = Release|x64
		{95D0A0B8-91F0-48D4-989C-CD425AB7D814}.Release|x64.Build.0 = Release|x64
		{95D0A0B8-91F0-48D4-989C-CD425AB7D814}.Release|x86.ActiveCfg = Release|Win32
		{95D0A0B8-91F0-48D4-989C-CD425AB7D814}.Release|x86.Build.0 = Release|Win32
		{C673440B-E11D-44DE-A572-1E01C1A5DE1B}.Debug|x64.ActiveCfg = Debug|x64
		{C673440B-E11D-44DE-A572-1E01C1A5DE1B}.Debug|x64.Build.0 = Debug|x64
		{C673440B-E11D-44DE-A572-1E01C1A5DE1B}.Debug|x86.ActiveCfg = Debug|Win32
		{C673440B-E11D-44DE-A572-1E01C1A5DE1B}.Debug|x86.Build.0 = Debug|Win32
		{C673440B-E11D-44DE-A572-1E01C1A5DE1B}.Release|x64.ActiveCfg = Release|x64
		{C673440B-E11D-44DE-A572-1E01C1A5DE1B}.Release|x64.Build.0 = Release|x64
		{C673440B-E11D-44DE-A572-1E01C1A5DE1B}.Release|x86.ActiveCfg = Release|Win32
		{C673440B-E11D-44DE-A572-1E01C1A5DE1B}.Release|x86.Build.0 = Release|Win32
		{FF4EC070-0A23-4A59-B40A-7B48F6B813B1}.Debug|x64.ActiveCfg = Debug|x64
		{FF4EC070-0A23-4A59-B40A-7B48F6B813B1}.Debug|x64.Build.0 = Debug|x64
		{FF4EC070-0A23-4A59-B40A-7B48F6B813B1}.Debug|x86.ActiveCfg = Debug|Win32
		{FF4EC070-0A23-4A59-B40A-7B48F6B813B1}.Debug|x86.Build.0 = Debug|Win32
		{FF4EC070-0A23-4A59-B40A-7B48F6B813B1}.Release|x64.ActiveCfg = Release|x64
		{FF4EC070-0A23-4A59-B40A-7B48F6B813B1}.Release|x64.Build.0 = Release|x64
		{FF4EC070-0A23-4A59-B40A-7B48F6B813B1}.Release|x86.ActiveCfg = Release|Win32
		{FF4EC070-0A23-4A59-B40A-7B48F6B813B1}.Release|x86.Build.0 = Release|Win32
		{3614DE00-C428-44BA-B7A5-35452DCF3914}.Debug|x64.ActiveCfg = Debug|x64
		{3614DE00-C428-44BA-B7A5-35452DCF3914}.Debug|x64.Build.0 = Debug|x64
		{3614DE00-C428-44BA-B7A5-35452DCF3914}.Debug|x86.ActiveCfg = Debug|Win32
		{3614DE00-C428-44BA-B7A5-35452DCF3914}.Debug|x86.Build.0 = Debug|Win32
		{3614DE00-C428-44BA-B7A5-35452DCF3914}.Release|x64.Build.0 = Release|x64
		{3614DE00-C428-44BA-B7A5-35452DCF3914}.Release|x86.ActiveCfg = Release|Win32
		{3614DE00-C428-44BA-B7A5-35452DCF3914}.Release|x86.Build.0 = Release|Win32
	EndGlobalSection
	GlobalSection(SolutionProperties) = preSolution
		HideSolutionNode = FALSE
	EndGlobalSection
	GlobalSection(ExtensibilityGlobals) = postSolution
		SolutionGuid = {1B52F122-59F5-4EEF-A045-EF03E1FBA8F1}
	EndGlobalSection
EndGlobal
